
Microsoft Visual Studio Solution File, Format Version 12.00
# Visual Studio Version 17
VisualStudioVersion = 17.6.33723.286
MinimumVisualStudioVersion = 10.0.40219.1
Project("{FAE04EC0-301F-11D3-BF4B-00C04F79EFBC}") = "CleanArchitecture_UserManagement.Domain", "CleanArchitecture_UserManagement.Domain\CleanArchitecture_UserManagement.Domain.csproj", "{E40C78FE-1E6A-4A3F-AE0A-59D3DD0CBBE4}"
EndProject
Project("{FAE04EC0-301F-11D3-BF4B-00C04F79EFBC}") = "CleanArchitecture_UserManagement.Application", "CleanArchitecture_UserManagement.Application\CleanArchitecture_UserManagement.Application.csproj", "{49F2C665-15C6-4A14-AEEB-6185BE7484F8}"
EndProject
Project("{FAE04EC0-301F-11D3-BF4B-00C04F79EFBC}") = "CleanArchitecture_UserManagement.Infrastructure", "CleanArchitecture_UserManagement.Infrastructure\CleanArchitecture_UserManagement.Infrastructure.csproj", "{B225EAD3-E3DA-4C6A-ACD7-601C075BE167}"
EndProject
Project("{FAE04EC0-301F-11D3-BF4B-00C04F79EFBC}") = "CleanArchitecture_UserManagement.API", "CleanArchitecture_UserManagement.API\CleanArchitecture_UserManagement.API.csproj", "{A0B9058B-D47C-4BC7-838A-93CC0C349A0A}"
EndProject
Global
	GlobalSection(SolutionConfigurationPlatforms) = preSolution
		Debug|Any CPU = Debug|Any CPU
		Release|Any CPU = Release|Any CPU
	EndGlobalSection
	GlobalSection(ProjectConfigurationPlatforms) = postSolution
		{E40C78FE-1E6A-4A3F-AE0A-59D3DD0CBBE4}.Debug|Any CPU.ActiveCfg = Debug|Any CPU
		{E40C78FE-1E6A-4A3F-AE0A-59D3DD0CBBE4}.Debug|Any CPU.Build.0 = Debug|Any CPU
		{E40C78FE-1E6A-4A3F-AE0A-59D3DD0CBBE4}.Release|Any CPU.ActiveCfg = Release|Any CPU
		{E40C78FE-1E6A-4A3F-AE0A-59D3DD0CBBE4}.Release|Any CPU.Build.0 = Release|Any CPU
		{49F2C665-15C6-4A14-AEEB-6185BE7484F8}.Debug|Any CPU.ActiveCfg = Debug|Any CPU
		{49F2C665-15C6-4A14-AEEB-6185BE7484F8}.Debug|Any CPU.Build.0 = Debug|Any CPU
		{49F2C665-15C6-4A14-AEEB-6185BE7484F8}.Release|Any CPU.ActiveCfg = Release|Any CPU
		{49F2C665-15C6-4A14-AEEB-6185BE7484F8}.Release|Any CPU.Build.0 = Release|Any CPU
		{B225EAD3-E3DA-4C6A-ACD7-601C075BE167}.Debug|Any CPU.ActiveCfg = Debug|Any CPU
		{B225EAD3-E3DA-4C6A-ACD7-601C075BE167}.Debug|Any CPU.Build.0 = Debug|Any CPU
		{B225EAD3-E3DA-4C6A-ACD7-601C075BE167}.Release|Any CPU.ActiveCfg = Release|Any CPU
		{B225EAD3-E3DA-4C6A-ACD7-601C075BE167}.Release|Any CPU.Build.0 = Release|Any CPU
		{A0B9058B-D47C-4BC7-838A-93CC0C349A0A}.Debug|Any CPU.ActiveCfg = Debug|Any CPU
		{A0B9058B-D47C-4BC7-838A-93CC0C349A0A}.Debug|Any CPU.Build.0 = Debug|Any CPU
		{A0B9058B-D47C-4BC7-838A-93CC0C349A0A}.Release|Any CPU.ActiveCfg = Release|Any CPU
		{A0B9058B-D47C-4BC7-838A-93CC0C349A0A}.Release|Any CPU.Build.0 = Release|Any CPU
	EndGlobalSection
	GlobalSection(SolutionProperties) = preSolution
		HideSolutionNode = FALSE
	EndGlobalSection
	GlobalSection(ExtensibilityGlobals) = postSolution
		SolutionGuid = {4C3202FA-2333-4DAB-A68F-F20193E29166}
	EndGlobalSection
EndGlobal
